
Microsoft Visual Studio Solution File, Format Version 12.00
# Visual Studio Version 17
VisualStudioVersion = 17.4.33205.214
MinimumVisualStudioVersion = 10.0.40219.1
Project("{FAE04EC0-301F-11D3-BF4B-00C04F79EFBC}") = "PrimmeiroExemplo", "PrimmeiroExemplo\PrimmeiroExemplo.csproj", "{BE0F57FA-46A4-4286-8E97-0C345A166F3B}"
EndProject
Global
	GlobalSection(SolutionConfigurationPlatforms) = preSolution
		Debug|Any CPU = Debug|Any CPU
		Release|Any CPU = Release|Any CPU
	EndGlobalSection
	GlobalSection(ProjectConfigurationPlatforms) = postSolution
		{BE0F57FA-46A4-4286-8E97-0C345A166F3B}.Debug|Any CPU.ActiveCfg = Debug|Any CPU
		{BE0F57FA-46A4-4286-8E97-0C345A166F3B}.Debug|Any CPU.Build.0 = Debug|Any CPU
		{BE0F57FA-46A4-4286-8E97-0C345A166F3B}.Release|Any CPU.ActiveCfg = Release|Any CPU
		{BE0F57FA-46A4-4286-8E97-0C345A166F3B}.Release|Any CPU.Build.0 = Release|Any CPU
	EndGlobalSection
	GlobalSection(SolutionProperties) = preSolution
		HideSolutionNode = FALSE
	EndGlobalSection
	GlobalSection(ExtensibilityGlobals) = postSolution
		SolutionGuid = {D61EDB38-5F39-4255-A0C4-312BB102830C}
	EndGlobalSection
EndGlobal
